
Microsoft Visual Studio Solution File, Format Version 12.00
# Visual Studio 15
VisualStudioVersion = 15.0.27703.2000
MinimumVisualStudioVersion = 10.0.40219.1
Project("{2150E333-8FDC-42A3-9474-1A3956D46DE8}") = "src", "src", "{78516956-B961-44E5-8CF9-E44B16FD00C0}"
EndProject
Project("{2150E333-8FDC-42A3-9474-1A3956D46DE8}") = "tests", "tests", "{CE5F29D9-05BD-40A0-BBA8-6A8DCE6359F9}"
EndProject
Project("{9A19103F-16F7-4668-BE54-9A1E7A4F7556}") = "Couchbase.Extensions.Encryption", "src\Couchbase.Extensions.Encryption\Couchbase.Extensions.Encryption.csproj", "{5B2CD86D-1839-446B-851B-C2DD9A1BEDF7}"
EndProject
Project("{9A19103F-16F7-4668-BE54-9A1E7A4F7556}") = "Couchbase.Extensions.Encryption.UnitTests", "tests\Couchbase.Extensions.Encryption.UnitTests\Couchbase.Extensions.Encryption.UnitTests.csproj", "{8E1D2A95-FF7E-48F8-92EE-9A1B2ACA3CEC}"
EndProject
Project("{9A19103F-16F7-4668-BE54-9A1E7A4F7556}") = "Couchbase.Extensions.Encryption.IntegrationTests", "tests\Couchbase.Extensions.Encryption.IntegrationTests\Couchbase.Extensions.Encryption.IntegrationTests.csproj", "{0B46FECE-6265-40F7-AFFB-9C27615D74D1}"
EndProject
Project("{2150E333-8FDC-42A3-9474-1A3956D46DE8}") = "docs", "docs", "{80BC725F-D28C-4866-828E-18CCF25C91F1}"
	ProjectSection(SolutionItems) = preProject
		aes-256-provider.md = aes-256-provider.md
		LICENSE = LICENSE
		README.md = README.md
		rsa-2048-provider.md = rsa-2048-provider.md
	EndProjectSection
EndProject
Global
	GlobalSection(SolutionConfigurationPlatforms) = preSolution
		Debug|Any CPU = Debug|Any CPU
		Release|Any CPU = Release|Any CPU
	EndGlobalSection
	GlobalSection(ProjectConfigurationPlatforms) = postSolution
		{5B2CD86D-1839-446B-851B-C2DD9A1BEDF7}.Debug|Any CPU.ActiveCfg = Debug|Any CPU
		{5B2CD86D-1839-446B-851B-C2DD9A1BEDF7}.Debug|Any CPU.Build.0 = Debug|Any CPU
		{5B2CD86D-1839-446B-851B-C2DD9A1BEDF7}.Release|Any CPU.ActiveCfg = Release|Any CPU
		{5B2CD86D-1839-446B-851B-C2DD9A1BEDF7}.Release|Any CPU.Build.0 = Release|Any CPU
		{8E1D2A95-FF7E-48F8-92EE-9A1B2ACA3CEC}.Debug|Any CPU.ActiveCfg = Debug|Any CPU
		{8E1D2A95-FF7E-48F8-92EE-9A1B2ACA3CEC}.Debug|Any CPU.Build.0 = Debug|Any CPU
		{8E1D2A95-FF7E-48F8-92EE-9A1B2ACA3CEC}.Release|Any CPU.ActiveCfg = Release|Any CPU
		{8E1D2A95-FF7E-48F8-92EE-9A1B2ACA3CEC}.Release|Any CPU.Build.0 = Release|Any CPU
		{0B46FECE-6265-40F7-AFFB-9C27615D74D1}.Debug|Any CPU.ActiveCfg = Debug|Any CPU
		{0B46FECE-6265-40F7-AFFB-9C27615D74D1}.Debug|Any CPU.Build.0 = Debug|Any CPU
		{0B46FECE-6265-40F7-AFFB-9C27615D74D1}.Release|Any CPU.ActiveCfg = Release|Any CPU
		{0B46FECE-6265-40F7-AFFB-9C27615D74D1}.Release|Any CPU.Build.0 = Release|Any CPU
	EndGlobalSection
	GlobalSection(SolutionProperties) = preSolution
		HideSolutionNode = FALSE
	EndGlobalSection
	GlobalSection(NestedProjects) = preSolution
		{5B2CD86D-1839-446B-851B-C2DD9A1BEDF7} = {78516956-B961-44E5-8CF9-E44B16FD00C0}
		{8E1D2A95-FF7E-48F8-92EE-9A1B2ACA3CEC} = {CE5F29D9-05BD-40A0-BBA8-6A8DCE6359F9}
		{0B46FECE-6265-40F7-AFFB-9C27615D74D1} = {CE5F29D9-05BD-40A0-BBA8-6A8DCE6359F9}
	EndGlobalSection
	GlobalSection(ExtensibilityGlobals) = postSolution
		SolutionGuid = {1C84E5B1-68AF-4741-A723-159E5B30E80E}
	EndGlobalSection
EndGlobal
